
Microsoft Visual Studio Solution File, Format Version 12.00
# Visual Studio Version 17
VisualStudioVersion = 17.4.33403.182
MinimumVisualStudioVersion = 10.0.40219.1
Project("{FAE04EC0-301F-11D3-BF4B-00C04F79EFBC}") = "Reeves-finalprojectclass10001", "Reeves-finalprojectclass10001\Reeves-finalprojectclass10001.csproj", "{7DE1D536-6601-43D2-9AD8-F1D057F0D17A}"
EndProject
Global
	GlobalSection(SolutionConfigurationPlatforms) = preSolution
		Debug|Any CPU = Debug|Any CPU
		Release|Any CPU = Release|Any CPU
	EndGlobalSection
	GlobalSection(ProjectConfigurationPlatforms) = postSolution
		{7DE1D536-6601-43D2-9AD8-F1D057F0D17A}.Debug|Any CPU.ActiveCfg = Debug|Any CPU
		{7DE1D536-6601-43D2-9AD8-F1D057F0D17A}.Debug|Any CPU.Build.0 = Debug|Any CPU
		{7DE1D536-6601-43D2-9AD8-F1D057F0D17A}.Release|Any CPU.ActiveCfg = Release|Any CPU
		{7DE1D536-6601-43D2-9AD8-F1D057F0D17A}.Release|Any CPU.Build.0 = Release|Any CPU
	EndGlobalSection
	GlobalSection(SolutionProperties) = preSolution
		HideSolutionNode = FALSE
	EndGlobalSection
	GlobalSection(ExtensibilityGlobals) = postSolution
		SolutionGuid = {8DA13102-2260-402C-8166-D0A2BE32DAB2}
	EndGlobalSection
EndGlobal
